
Microsoft Visual Studio Solution File, Format Version 12.00
# Visual Studio Version 16
VisualStudioVersion = 16.0.29609.76
MinimumVisualStudioVersion = 10.0.40219.1
Project("{FAE04EC0-301F-11D3-BF4B-00C04F79EFBC}") = "AzureFunctionApp", "AzureFunctionApp\AzureFunctionApp.csproj", "{D8EA7555-0AB4-4B94-8581-E1C476E545E4}"
EndProject
Project("{FAE04EC0-301F-11D3-BF4B-00C04F79EFBC}") = "AzureFunctionCore", "AzureFunctionCore\AzureFunctionCore.csproj", "{32EBA1E4-CF6B-4F9D-B91C-B3B907258CE8}"
EndProject
Global
	GlobalSection(SolutionConfigurationPlatforms) = preSolution
		Debug|Any CPU = Debug|Any CPU
		Release|Any CPU = Release|Any CPU
	EndGlobalSection
	GlobalSection(ProjectConfigurationPlatforms) = postSolution
		{D8EA7555-0AB4-4B94-8581-E1C476E545E4}.Debug|Any CPU.ActiveCfg = Debug|Any CPU
		{D8EA7555-0AB4-4B94-8581-E1C476E545E4}.Debug|Any CPU.Build.0 = Debug|Any CPU
		{D8EA7555-0AB4-4B94-8581-E1C476E545E4}.Release|Any CPU.ActiveCfg = Release|Any CPU
		{D8EA7555-0AB4-4B94-8581-E1C476E545E4}.Release|Any CPU.Build.0 = Release|Any CPU
		{32EBA1E4-CF6B-4F9D-B91C-B3B907258CE8}.Debug|Any CPU.ActiveCfg = Debug|Any CPU
		{32EBA1E4-CF6B-4F9D-B91C-B3B907258CE8}.Debug|Any CPU.Build.0 = Debug|Any CPU
		{32EBA1E4-CF6B-4F9D-B91C-B3B907258CE8}.Release|Any CPU.ActiveCfg = Release|Any CPU
		{32EBA1E4-CF6B-4F9D-B91C-B3B907258CE8}.Release|Any CPU.Build.0 = Release|Any CPU
	EndGlobalSection
	GlobalSection(SolutionProperties) = preSolution
		HideSolutionNode = FALSE
	EndGlobalSection
	GlobalSection(ExtensibilityGlobals) = postSolution
		SolutionGuid = {02B119CE-E722-42E7-8301-F0C43AE1D933}
	EndGlobalSection
EndGlobal
